
Microsoft Visual Studio Solution File, Format Version 12.00
# Visual Studio 15
VisualStudioVersion = 15.0.28010.2046
MinimumVisualStudioVersion = 10.0.40219.1
Project("{FAE04EC0-301F-11D3-BF4B-00C04F79EFBC}") = "SimplePHPtoCSharpConnection", "SimplePHPtoCSharpConnection\SimplePHPtoCSharpConnection.csproj", "{A15319C7-9D2D-43D2-B894-BB60BC08307F}"
EndProject
Global
	GlobalSection(SolutionConfigurationPlatforms) = preSolution
		Debug|Any CPU = Debug|Any CPU
		Release|Any CPU = Release|Any CPU
	EndGlobalSection
	GlobalSection(ProjectConfigurationPlatforms) = postSolution
		{A15319C7-9D2D-43D2-B894-BB60BC08307F}.Debug|Any CPU.ActiveCfg = Debug|Any CPU
		{A15319C7-9D2D-43D2-B894-BB60BC08307F}.Debug|Any CPU.Build.0 = Debug|Any CPU
		{A15319C7-9D2D-43D2-B894-BB60BC08307F}.Release|Any CPU.ActiveCfg = Release|Any CPU
		{A15319C7-9D2D-43D2-B894-BB60BC08307F}.Release|Any CPU.Build.0 = Release|Any CPU
	EndGlobalSection
	GlobalSection(SolutionProperties) = preSolution
		HideSolutionNode = FALSE
	EndGlobalSection
	GlobalSection(ExtensibilityGlobals) = postSolution
		SolutionGuid = {9A216FA9-BD63-4FC5-ACF5-0299D2A5546C}
	EndGlobalSection
EndGlobal
